
Microsoft Visual Studio Solution File, Format Version 12.00
# Visual Studio Version 17
VisualStudioVersion = 17.5.33414.496
MinimumVisualStudioVersion = 10.0.40219.1
Project("{8BC9CEB8-8B4A-11D0-8D11-00A0C91BC942}") = "code29_RefReturnOne", "code29_RefReturnOne\code29_RefReturnOne.vcxproj", "{ED91B8C7-E78D-424D-8A34-A3401C417D55}"
EndProject
Project("{8BC9CEB8-8B4A-11D0-8D11-00A0C91BC942}") = "code30_RefReturnTwo", "code30_RefReturnTwo\code30_RefReturnTwo.vcxproj", "{BEF504AA-D7D6-4122-9DE6-AA87258172ED}"
EndProject
Project("{8BC9CEB8-8B4A-11D0-8D11-00A0C91BC942}") = "code31_RefReturnThree", "code31_RefReturnThree\code31_RefReturnThree.vcxproj", "{9762AF0F-DC92-4894-B319-A3236F7B1AC1}"
EndProject
Project("{8BC9CEB8-8B4A-11D0-8D11-00A0C91BC942}") = "code32_RefConst", "code32_RefConst\code32_RefConst.vcxproj", "{67BFA086-D56D-4274-84C3-F18044E63CD1}"
EndProject
Project("{8BC9CEB8-8B4A-11D0-8D11-00A0C91BC942}") = "code33_MemMalFree", "code33_MemMalFree\code33_MemMalFree.vcxproj", "{687D8029-346A-4787-9A78-AE545329F02D}"
EndProject
Project("{8BC9CEB8-8B4A-11D0-8D11-00A0C91BC942}") = "code34_NewDelete", "code34_NewDelete\code34_NewDelete.vcxproj", "{E9209433-A358-476F-8628-F80AA651A1D6}"
EndProject
Project("{8BC9CEB8-8B4A-11D0-8D11-00A0C91BC942}") = "code35_NewObject", "code35_NewObject\code35_NewObject.vcxproj", "{1C9B64EF-4998-41FD-8DF2-325C1750BAFD}"
EndProject
Project("{8BC9CEB8-8B4A-11D0-8D11-00A0C91BC942}") = "code36_StructNewDelete", "code36_StructNewDelete\code36_StructNewDelete.vcxproj", "{458D1FE2-F3E8-4738-BB2F-F9288C13C66C}"
EndProject
Project("{8BC9CEB8-8B4A-11D0-8D11-00A0C91BC942}") = "code37_RacingCar", "code37_RacingCar\code37_RacingCar.vcxproj", "{042BB044-0AD1-4586-8CCB-57E847D0890C}"
EndProject
Project("{8BC9CEB8-8B4A-11D0-8D11-00A0C91BC942}") = "code38_RacingCarFuncAdd", "code38_RacingCarFuncAdd\code38_RacingCarFuncAdd.vcxproj", "{109C7E69-8795-40F5-85B9-969DE31065A2}"
EndProject
Project("{8BC9CEB8-8B4A-11D0-8D11-00A0C91BC942}") = "code39_RacingCarEnum", "code39_RacingCarEnum\code39_RacingCarEnum.vcxproj", "{084B81D4-715B-434D-9AE7-3F74F749E890}"
EndProject
Project("{8BC9CEB8-8B4A-11D0-8D11-00A0C91BC942}") = "code40_RacingCarOuterFunc", "code40_RacingCarOuterFunc\code40_RacingCarOuterFunc.vcxproj", "{086844C3-7E8E-4C40-BA06-58D3D0C6C301}"
EndProject
Project("{8BC9CEB8-8B4A-11D0-8D11-00A0C91BC942}") = "code41_RacingCarClassBase", "code41_RacingCarClassBase\code41_RacingCarClassBase.vcxproj", "{AAB8D344-8D98-4535-963D-A098907A3A6D}"
EndProject
Project("{8BC9CEB8-8B4A-11D0-8D11-00A0C91BC942}") = "code42_Car", "code42_Car\code42_Car.vcxproj", "{87C628E1-F022-45BA-B885-11CB30D98F79}"
EndProject
Project("{8BC9CEB8-8B4A-11D0-8D11-00A0C91BC942}") = "code43_CarInline", "code43_CarInline\code43_CarInline.vcxproj", "{075E9FEA-0245-4C74-90EC-A13A3E7EA674}"
EndProject
Global
	GlobalSection(SolutionConfigurationPlatforms) = preSolution
		Debug|x64 = Debug|x64
		Debug|x86 = Debug|x86
		Release|x64 = Release|x64
		Release|x86 = Release|x86
	EndGlobalSection
	GlobalSection(ProjectConfigurationPlatforms) = postSolution
		{ED91B8C7-E78D-424D-8A34-A3401C417D55}.Debug|x64.ActiveCfg = Debug|x64
		{ED91B8C7-E78D-424D-8A34-A3401C417D55}.Debug|x64.Build.0 = Debug|x64
		{ED91B8C7-E78D-424D-8A34-A3401C417D55}.Debug|x86.ActiveCfg = Debug|Win32
		{ED91B8C7-E78D-424D-8A34-A3401C417D55}.Debug|x86.Build.0 = Debug|Win32
		{ED91B8C7-E78D-424D-8A34-A3401C417D55}.Release|x64.ActiveCfg = Release|x64
		{ED91B8C7-E78D-424D-8A34-A3401C417D55}.Release|x64.Build.0 = Release|x64
		{ED91B8C7-E78D-424D-8A34-A3401C417D55}.Release|x86.ActiveCfg = Release|Win32
		{ED91B8C7-E78D-424D-8A34-A3401C417D55}.Release|x86.Build.0 = Release|Win32
		{BEF504AA-D7D6-4122-9DE6-AA87258172ED}.Debug|x64.ActiveCfg = Debug|x64
		{BEF504AA-D7D6-4122-9DE6-AA87258172ED}.Debug|x64.Build.0 = Debug|x64
		{BEF504AA-D7D6-4122-9DE6-AA87258172ED}.Debug|x86.ActiveCfg = Debug|Win32
		{BEF504AA-D7D6-4122-9DE6-AA87258172ED}.Debug|x86.Build.0 = Debug|Win32
		{BEF504AA-D7D6-4122-9DE6-AA87258172ED}.Release|x64.ActiveCfg = Release|x64
		{BEF504AA-D7D6-4122-9DE6-AA87258172ED}.Release|x64.Build.0 = Release|x64
		{BEF504AA-D7D6-4122-9DE6-AA87258172ED}.Release|x86.ActiveCfg = Release|Win32
		{BEF504AA-D7D6-4122-9DE6-AA87258172ED}.Release|x86.Build.0 = Release|Win32
		{9762AF0F-DC92-4894-B319-A3236F7B1AC1}.Debug|x64.ActiveCfg = Debug|x64
		{9762AF0F-DC92-4894-B319-A3236F7B1AC1}.Debug|x64.Build.0 = Debug|x64
		{9762AF0F-DC92-4894-B319-A3236F7B1AC1}.Debug|x86.ActiveCfg = Debug|Win32
		{9762AF0F-DC92-4894-B319-A3236F7B1AC1}.Debug|x86.Build.0 = Debug|Win32
		{9762AF0F-DC92-4894-B319-A3236F7B1AC1}.Release|x64.ActiveCfg = Release|x64
		{9762AF0F-DC92-4894-B319-A3236F7B1AC1}.Release|x64.Build.0 = Release|x64
		{9762AF0F-DC92-4894-B319-A3236F7B1AC1}.Release|x86.ActiveCfg = Release|Win32
		{9762AF0F-DC92-4894-B319-A3236F7B1AC1}.Release|x86.Build.0 = Release|Win32
		{67BFA086-D56D-4274-84C3-F18044E63CD1}.Debug|x64.ActiveCfg = Debug|x64
		{67BFA086-D56D-4274-84C3-F18044E63CD1}.Debug|x64.Build.0 = Debug|x64
		{67BFA086-D56D-4274-84C3-F18044E63CD1}.Debug|x86.ActiveCfg = Debug|Win32
		{67BFA086-D56D-4274-84C3-F18044E63CD1}.Debug|x86.Build.0 = Debug|Win32
		{67BFA086-D56D-4274-84C3-F18044E63CD1}.Release|x64.ActiveCfg = Release|x64
		{67BFA086-D56D-4274-84C3-F18044E63CD1}.Release|x64.Build.0 = Release|x64
		{67BFA086-D56D-4274-84C3-F18044E63CD1}.Release|x86.ActiveCfg = Release|Win32
		{67BFA086-D56D-4274-84C3-F18044E63CD1}.Release|x86.Build.0 = Release|Win32
		{687D8029-346A-4787-9A78-AE545329F02D}.Debug|x64.ActiveCfg = Debug|x64
		{687D8029-346A-4787-9A78-AE545329F02D}.Debug|x64.Build.0 = Debug|x64
		{687D8029-346A-4787-9A78-AE545329F02D}.Debug|x86.ActiveCfg = Debug|Win32
		{687D8029-346A-4787-9A78-AE545329F02D}.Debug|x86.Build.0 = Debug|Win32
		{687D8029-346A-4787-9A78-AE545329F02D}.Release|x64.ActiveCfg = Release|x64
		{687D8029-346A-4787-9A78-AE545329F02D}.Release|x64.Build.0 = Release|x64
		{687D8029-346A-4787-9A78-AE545329F02D}.Release|x86.ActiveCfg = Release|Win32
		{687D8029-346A-4787-9A78-AE545329F02D}.Release|x86.Build.0 = Release|Win32
		{E9209433-A358-476F-8628-F80AA651A1D6}.Debug|x64.ActiveCfg = Debug|x64
		{E9209433-A358-476F-8628-F80AA651A1D6}.Debug|x64.Build.0 = Debug|x64
		{E9209433-A358-476F-8628-F80AA651A1D6}.Debug|x86.ActiveCfg = Debug|Win32
		{E9209433-A358-476F-8628-F80AA651A1D6}.Debug|x86.Build.0 = Debug|Win32
		{E9209433-A358-476F-8628-F80AA651A1D6}.Release|x64.ActiveCfg = Release|x64
		{E9209433-A358-476F-8628-F80AA651A1D6}.Release|x64.Build.0 = Release|x64
		{E9209433-A358-476F-8628-F80AA651A1D6}.Release|x86.ActiveCfg = Release|Win32
		{E9209433-A358-476F-8628-F80AA651A1D6}.Release|x86.Build.0 = Release|Win32
		{1C9B64EF-4998-41FD-8DF2-325C1750BAFD}.Debug|x64.ActiveCfg = Debug|x64
		{1C9B64EF-4998-41FD-8DF2-325C1750BAFD}.Debug|x64.Build.0 = Debug|x64
		{1C9B64EF-4998-41FD-8DF2-325C1750BAFD}.Debug|x86.ActiveCfg = Debug|Win32
		{1C9B64EF-4998-41FD-8DF2-325C1750BAFD}.Debug|x86.Build.0 = Debug|Win32
		{1C9B64EF-4998-41FD-8DF2-325C1750BAFD}.Release|x64.ActiveCfg = Release|x64
		{1C9B64EF-4998-41FD-8DF2-325C1750BAFD}.Release|x64.Build.0 = Release|x64
		{1C9B64EF-4998-41FD-8DF2-325C1750BAFD}.Release|x86.ActiveCfg = Release|Win32
		{1C9B64EF-4998-41FD-8DF2-325C1750BAFD}.Release|x86.Build.0 = Release|Win32
		{458D1FE2-F3E8-4738-BB2F-F9288C13C66C}.Debug|x64.ActiveCfg = Debug|x64
		{458D1FE2-F3E8-4738-BB2F-F9288C13C66C}.Debug|x64.Build.0 = Debug|x64
		{458D1FE2-F3E8-4738-BB2F-F9288C13C66C}.Debug|x86.ActiveCfg = Debug|Win32
		{458D1FE2-F3E8-4738-BB2F-F9288C13C66C}.Debug|x86.Build.0 = Debug|Win32
		{458D1FE2-F3E8-4738-BB2F-F9288C13C66C}.Release|x64.ActiveCfg = Release|x64
		{458D1FE2-F3E8-4738-BB2F-F9288C13C66C}.Release|x64.Build.0 = Release|x64
		{458D1FE2-F3E8-4738-BB2F-F9288C13C66C}.Release|x86.ActiveCfg = Release|Win32
		{458D1FE2-F3E8-4738-BB2F-F9288C13C66C}.Release|x86.Build.0 = Release|Win32
		{042BB044-0AD1-4586-8CCB-57E847D0890C}.Debug|x64.ActiveCfg = Debug|x64
		{042BB044-0AD1-4586-8CCB-57E847D0890C}.Debug|x64.Build.0 = Debug|x64
		{042BB044-0AD1-4586-8CCB-57E847D0890C}.Debug|x86.ActiveCfg = Debug|Win32
		{042BB044-0AD1-4586-8CCB-57E847D0890C}.Debug|x86.Build.0 = Debug|Win32
		{042BB044-0AD1-4586-8CCB-57E847D0890C}.Release|x64.ActiveCfg = Release|x64
		{042BB044-0AD1-4586-8CCB-57E847D0890C}.Release|x64.Build.0 = Release|x64
		{042BB044-0AD1-4586-8CCB-57E847D0890C}.Release|x86.ActiveCfg = Release|Win32
		{042BB044-0AD1-4586-8CCB-57E847D0890C}.Release|x86.Build.0 = Release|Win32
		{109C7E69-8795-40F5-85B9-969DE31065A2}.Debug|x64.ActiveCfg = Debug|x64
		{109C7E69-8795-40F5-85B9-969DE31065A2}.Debug|x64.Build.0 = Debug|x64
		{109C7E69-8795-40F5-85B9-969DE31065A2}.Debug|x86.ActiveCfg = Debug|Win32
		{109C7E69-8795-40F5-85B9-969DE31065A2}.Debug|x86.Build.0 = Debug|Win32
		{109C7E69-8795-40F5-85B9-969DE31065A2}.Release|x64.ActiveCfg = Release|x64
		{109C7E69-8795-40F5-85B9-969DE31065A2}.Release|x64.Build.0 = Release|x64
		{109C7E69-8795-40F5-85B9-969DE31065A2}.Release|x86.ActiveCfg = Release|Win32
		{109C7E69-8795-40F5-85B9-969DE31065A2}.Release|x86.Build.0 = Release|Win32
		{084B81D4-715B-434D-9AE7-3F74F749E890}.Debug|x64.ActiveCfg = Debug|x64
		{084B81D4-715B-434D-9AE7-3F74F749E890}.Debug|x64.Build.0 = Debug|x64
		{084B81D4-715B-434D-9AE7-3F74F749E890}.Debug|x86.ActiveCfg = Debug|Win32
		{084B81D4-715B-434D-9AE7-3F74F749E890}.Debug|x86.Build.0 = Debug|Win32
		{084B81D4-715B-434D-9AE7-3F74F749E890}.Release|x64.ActiveCfg = Release|x64
		{084B81D4-715B-434D-9AE7-3F74F749E890}.Release|x64.Build.0 = Release|x64
		{084B81D4-715B-434D-9AE7-3F74F749E890}.Release|x86.ActiveCfg = Release|Win32
		{084B81D4-715B-434D-9AE7-3F74F749E890}.Release|x86.Build.0 = Release|Win32
		{086844C3-7E8E-4C40-BA06-58D3D0C6C301}.Debug|x64.ActiveCfg = Debug|x64
		{086844C3-7E8E-4C40-BA06-58D3D0C6C301}.Debug|x64.Build.0 = Debug|x64
		{086844C3-7E8E-4C40-BA06-58D3D0C6C301}.Debug|x86.ActiveCfg = Debug|Win32
		{086844C3-7E8E-4C40-BA06-58D3D0C6C301}.Debug|x86.Build.0 = Debug|Win32
		{086844C3-7E8E-4C40-BA06-58D3D0C6C301}.Release|x64.ActiveCfg = Release|x64
		{086844C3-7E8E-4C40-BA06-58D3D0C6C301}.Release|x64.Build.0 = Release|x64
		{086844C3-7E8E-4C40-BA06-58D3D0C6C301}.Release|x86.ActiveCfg = Release|Win32
		{086844C3-7E8E-4C40-BA06-58D3D0C6C301}.Release|x86.Build.0 = Release|Win32
		{AAB8D344-8D98-4535-963D-A098907A3A6D}.Debug|x64.ActiveCfg = Debug|x64
		{AAB8D344-8D98-4535-963D-A098907A3A6D}.Debug|x64.Build.0 = Debug|x64
		{AAB8D344-8D98-4535-963D-A098907A3A6D}.Debug|x86.ActiveCfg = Debug|Win32
		{AAB8D344-8D98-4535-963D-A098907A3A6D}.Debug|x86.Build.0 = Debug|Win32
		{AAB8D344-8D98-4535-963D-A098907A3A6D}.Release|x64.ActiveCfg = Release|x64
		{AAB8D344-8D98-4535-963D-A098907A3A6D}.Release|x64.Build.0 = Release|x64
		{AAB8D344-8D98-4535-963D-A098907A3A6D}.Release|x86.ActiveCfg = Release|Win32
		{AAB8D344-8D98-4535-963D-A098907A3A6D}.Release|x86.Build.0 = Release|Win32
		{87C628E1-F022-45BA-B885-11CB30D98F79}.Debug|x64.ActiveCfg = Debug|x64
		{87C628E1-F022-45BA-B885-11CB30D98F79}.Debug|x64.Build.0 = Debug|x64
		{87C628E1-F022-45BA-B885-11CB30D98F79}.Debug|x86.ActiveCfg = Debug|Win32
		{87C628E1-F022-45BA-B885-11CB30D98F79}.Debug|x86.Build.0 = Debug|Win32
		{87C628E1-F022-45BA-B885-11CB30D98F79}.Release|x64.ActiveCfg = Release|x64
		{87C628E1-F022-45BA-B885-11CB30D98F79}.Release|x64.Build.0 = Release|x64
		{87C628E1-F022-45BA-B885-11CB30D98F79}.Release|x86.ActiveCfg = Release|Win32
		{87C628E1-F022-45BA-B885-11CB30D98F79}.Release|x86.Build.0 = Release|Win32
		{075E9FEA-0245-4C74-90EC-A13A3E7EA674}.Debug|x64.ActiveCfg = Debug|x64
		{075E9FEA-0245-4C74-90EC-A13A3E7EA674}.Debug|x64.Build.0 = Debug|x64
		{075E9FEA-0245-4C74-90EC-A13A3E7EA674}.Debug|x86.ActiveCfg = Debug|Win32
		{075E9FEA-0245-4C74-90EC-A13A3E7EA674}.Debug|x86.Build.0 = Debug|Win32
		{075E9FEA-0245-4C74-90EC-A13A3E7EA674}.Release|x64.ActiveCfg = Release|x64
		{075E9FEA-0245-4C74-90EC-A13A3E7EA674}.Release|x64.Build.0 = Release|x64
		{075E9FEA-0245-4C74-90EC-A13A3E7EA674}.Release|x86.ActiveCfg = Release|Win32
		{075E9FEA-0245-4C74-90EC-A13A3E7EA674}.Release|x86.Build.0 = Release|Win32
	EndGlobalSection
	GlobalSection(SolutionProperties) = preSolution
		HideSolutionNode = FALSE
	EndGlobalSection
	GlobalSection(ExtensibilityGlobals) = postSolution
		SolutionGuid = {1915E183-1E9D-4789-961B-EF49C832C574}
	EndGlobalSection
EndGlobal
